
Microsoft Visual Studio Solution File, Format Version 12.00
# Visual Studio Version 16
VisualStudioVersion = 16.0.31105.61
MinimumVisualStudioVersion = 10.0.40219.1
Project("{9A19103F-16F7-4668-BE54-9A1E7A4F7556}") = "PTEncontrolBaltic", "PTEncontrolBaltic\PTEncontrolBaltic.csproj", "{2F38BC73-0144-4C69-B0C4-D6F3478C706D}"
EndProject
Project("{FAE04EC0-301F-11D3-BF4B-00C04F79EFBC}") = "PTEcontrolBaltikcUTest", "PTEcontrolBaltikcUTest\PTEcontrolBaltikcUTest.csproj", "{5E75A279-1367-4A55-BE44-ACAA2D539A07}"
EndProject
Global
	GlobalSection(SolutionConfigurationPlatforms) = preSolution
		Debug|Any CPU = Debug|Any CPU
		Release|Any CPU = Release|Any CPU
	EndGlobalSection
	GlobalSection(ProjectConfigurationPlatforms) = postSolution
		{2F38BC73-0144-4C69-B0C4-D6F3478C706D}.Debug|Any CPU.ActiveCfg = Debug|Any CPU
		{2F38BC73-0144-4C69-B0C4-D6F3478C706D}.Debug|Any CPU.Build.0 = Debug|Any CPU
		{2F38BC73-0144-4C69-B0C4-D6F3478C706D}.Release|Any CPU.ActiveCfg = Release|Any CPU
		{2F38BC73-0144-4C69-B0C4-D6F3478C706D}.Release|Any CPU.Build.0 = Release|Any CPU
		{5E75A279-1367-4A55-BE44-ACAA2D539A07}.Debug|Any CPU.ActiveCfg = Debug|Any CPU
		{5E75A279-1367-4A55-BE44-ACAA2D539A07}.Debug|Any CPU.Build.0 = Debug|Any CPU
		{5E75A279-1367-4A55-BE44-ACAA2D539A07}.Release|Any CPU.ActiveCfg = Release|Any CPU
		{5E75A279-1367-4A55-BE44-ACAA2D539A07}.Release|Any CPU.Build.0 = Release|Any CPU
	EndGlobalSection
	GlobalSection(SolutionProperties) = preSolution
		HideSolutionNode = FALSE
	EndGlobalSection
	GlobalSection(ExtensibilityGlobals) = postSolution
		SolutionGuid = {953F66B9-7C75-4227-90A8-3FA8611A5C87}
	EndGlobalSection
EndGlobal
